
Microsoft Visual Studio Solution File, Format Version 12.00
# Visual Studio Version 16
VisualStudioVersion = 16.0.30114.105
MinimumVisualStudioVersion = 10.0.40219.1
Project("{FAE04EC0-301F-11D3-BF4B-00C04F79EFBC}") = "CreateConsumeDll", "CreateConsumeDll.csproj", "{157023E7-D022-4C5B-A8C5-18147B21B3D6}"
EndProject
Global
	GlobalSection(SolutionConfigurationPlatforms) = preSolution
		Debug|Any CPU = Debug|Any CPU
		Release|Any CPU = Release|Any CPU
	EndGlobalSection
	GlobalSection(ProjectConfigurationPlatforms) = postSolution
		{157023E7-D022-4C5B-A8C5-18147B21B3D6}.Debug|Any CPU.ActiveCfg = Debug|Any CPU
		{157023E7-D022-4C5B-A8C5-18147B21B3D6}.Debug|Any CPU.Build.0 = Debug|Any CPU
		{157023E7-D022-4C5B-A8C5-18147B21B3D6}.Release|Any CPU.ActiveCfg = Release|Any CPU
		{157023E7-D022-4C5B-A8C5-18147B21B3D6}.Release|Any CPU.Build.0 = Release|Any CPU
	EndGlobalSection
	GlobalSection(SolutionProperties) = preSolution
		HideSolutionNode = FALSE
	EndGlobalSection
	GlobalSection(ExtensibilityGlobals) = postSolution
		SolutionGuid = {601AF073-960E-4F0C-B508-7A6967AA61E1}
	EndGlobalSection
EndGlobal
